
Microsoft Visual Studio Solution File, Format Version 12.00
# Visual Studio 15
Project("{FAE04EC0-301F-11D3-BF4B-00C04F79EFBC}") = "Assembly-CSharp", "Assembly-CSharp.csproj", "{720146ED-DF9F-8E17-9D41-58E641D83577}"
EndProject
Project("{FAE04EC0-301F-11D3-BF4B-00C04F79EFBC}") = "Assembly-CSharp-Editor", "Assembly-CSharp-Editor.csproj", "{43E07643-98AC-BA1F-707F-AD3EAF193CFE}"
EndProject
Global
	GlobalSection(SolutionConfigurationPlatforms) = preSolution
		Debug|Any CPU = Debug|Any CPU
		Release|Any CPU = Release|Any CPU
	EndGlobalSection
	GlobalSection(ProjectConfigurationPlatforms) = postSolution
		{720146ED-DF9F-8E17-9D41-58E641D83577}.Debug|Any CPU.ActiveCfg = Debug|Any CPU
		{720146ED-DF9F-8E17-9D41-58E641D83577}.Debug|Any CPU.Build.0 = Debug|Any CPU
		{720146ED-DF9F-8E17-9D41-58E641D83577}.Release|Any CPU.ActiveCfg = Release|Any CPU
		{720146ED-DF9F-8E17-9D41-58E641D83577}.Release|Any CPU.Build.0 = Release|Any CPU
		{43E07643-98AC-BA1F-707F-AD3EAF193CFE}.Debug|Any CPU.ActiveCfg = Debug|Any CPU
		{43E07643-98AC-BA1F-707F-AD3EAF193CFE}.Debug|Any CPU.Build.0 = Debug|Any CPU
		{43E07643-98AC-BA1F-707F-AD3EAF193CFE}.Release|Any CPU.ActiveCfg = Release|Any CPU
		{43E07643-98AC-BA1F-707F-AD3EAF193CFE}.Release|Any CPU.Build.0 = Release|Any CPU
	EndGlobalSection
	GlobalSection(SolutionProperties) = preSolution
		HideSolutionNode = FALSE
	EndGlobalSection
EndGlobal
